
Microsoft Visual Studio Solution File, Format Version 12.00
# Visual Studio Version 17
VisualStudioVersion = 17.4.33122.133
MinimumVisualStudioVersion = 10.0.40219.1
Project("{FAE04EC0-301F-11D3-BF4B-00C04F79EFBC}") = "FilmesApi", "FilmesApi\FilmesApi.csproj", "{51522625-3A10-4F0D-A814-FC768B9A6655}"
EndProject
Global
	GlobalSection(SolutionConfigurationPlatforms) = preSolution
		Debug|Any CPU = Debug|Any CPU
		Release|Any CPU = Release|Any CPU
	EndGlobalSection
	GlobalSection(ProjectConfigurationPlatforms) = postSolution
		{51522625-3A10-4F0D-A814-FC768B9A6655}.Debug|Any CPU.ActiveCfg = Debug|Any CPU
		{51522625-3A10-4F0D-A814-FC768B9A6655}.Debug|Any CPU.Build.0 = Debug|Any CPU
		{51522625-3A10-4F0D-A814-FC768B9A6655}.Release|Any CPU.ActiveCfg = Release|Any CPU
		{51522625-3A10-4F0D-A814-FC768B9A6655}.Release|Any CPU.Build.0 = Release|Any CPU
	EndGlobalSection
	GlobalSection(SolutionProperties) = preSolution
		HideSolutionNode = FALSE
	EndGlobalSection
	GlobalSection(ExtensibilityGlobals) = postSolution
		SolutionGuid = {87F32F35-5B05-4575-AE31-557676020A6C}
	EndGlobalSection
EndGlobal
